
Microsoft Visual Studio Solution File, Format Version 12.00
# Visual Studio Version 16
VisualStudioVersion = 16.0.28809.33
MinimumVisualStudioVersion = 10.0.40219.1
Project("{FAE04EC0-301F-11D3-BF4B-00C04F79EFBC}") = "OtobusRezervasyon.UI", "OtobusRezervasyon\OtobusRezervasyon.UI.csproj", "{F1237A88-73AC-47EE-BBE1-2A80123EE1E8}"
EndProject
Project("{FAE04EC0-301F-11D3-BF4B-00C04F79EFBC}") = "OtobusRezervasyon.BLL", "OtobusRezervasyon.BLL\OtobusRezervasyon.BLL.csproj", "{9775BDA8-5E30-4E56-8725-BF2AB77CF0E4}"
EndProject
Project("{FAE04EC0-301F-11D3-BF4B-00C04F79EFBC}") = "OtobusRezervasyon.DAL", "OtobusRezervasyon.DAL\OtobusRezervasyon.DAL\OtobusRezervasyon.DAL.csproj", "{8F3F674B-E6B5-40B6-9239-F595ECD91BA9}"
EndProject
Global
	GlobalSection(SolutionConfigurationPlatforms) = preSolution
		Debug|Any CPU = Debug|Any CPU
		Release|Any CPU = Release|Any CPU
	EndGlobalSection
	GlobalSection(ProjectConfigurationPlatforms) = postSolution
		{F1237A88-73AC-47EE-BBE1-2A80123EE1E8}.Debug|Any CPU.ActiveCfg = Debug|Any CPU
		{F1237A88-73AC-47EE-BBE1-2A80123EE1E8}.Debug|Any CPU.Build.0 = Debug|Any CPU
		{F1237A88-73AC-47EE-BBE1-2A80123EE1E8}.Release|Any CPU.ActiveCfg = Release|Any CPU
		{F1237A88-73AC-47EE-BBE1-2A80123EE1E8}.Release|Any CPU.Build.0 = Release|Any CPU
		{9775BDA8-5E30-4E56-8725-BF2AB77CF0E4}.Debug|Any CPU.ActiveCfg = Debug|Any CPU
		{9775BDA8-5E30-4E56-8725-BF2AB77CF0E4}.Debug|Any CPU.Build.0 = Debug|Any CPU
		{9775BDA8-5E30-4E56-8725-BF2AB77CF0E4}.Release|Any CPU.ActiveCfg = Release|Any CPU
		{9775BDA8-5E30-4E56-8725-BF2AB77CF0E4}.Release|Any CPU.Build.0 = Release|Any CPU
		{8F3F674B-E6B5-40B6-9239-F595ECD91BA9}.Debug|Any CPU.ActiveCfg = Debug|Any CPU
		{8F3F674B-E6B5-40B6-9239-F595ECD91BA9}.Debug|Any CPU.Build.0 = Debug|Any CPU
		{8F3F674B-E6B5-40B6-9239-F595ECD91BA9}.Release|Any CPU.ActiveCfg = Release|Any CPU
		{8F3F674B-E6B5-40B6-9239-F595ECD91BA9}.Release|Any CPU.Build.0 = Release|Any CPU
	EndGlobalSection
	GlobalSection(SolutionProperties) = preSolution
		HideSolutionNode = FALSE
	EndGlobalSection
	GlobalSection(ExtensibilityGlobals) = postSolution
		SolutionGuid = {8506AA8A-F4E4-445C-A189-C78475DD3A29}
	EndGlobalSection
EndGlobal
